
Microsoft Visual Studio Solution File, Format Version 12.00
# Visual Studio 15
VisualStudioVersion = 15.0.26730.16
MinimumVisualStudioVersion = 10.0.40219.1
Project("{FAE04EC0-301F-11D3-BF4B-00C04F79EFBC}") = "AeccApi", "AeccApi\AeccApi.csproj", "{31041BFC-C129-45B4-897D-F2D971E0C26E}"
EndProject
Global
	GlobalSection(SolutionConfigurationPlatforms) = preSolution
		Debug|Any CPU = Debug|Any CPU
		Release|Any CPU = Release|Any CPU
	EndGlobalSection
	GlobalSection(ProjectConfigurationPlatforms) = postSolution
		{31041BFC-C129-45B4-897D-F2D971E0C26E}.Debug|Any CPU.ActiveCfg = Debug|Any CPU
		{31041BFC-C129-45B4-897D-F2D971E0C26E}.Debug|Any CPU.Build.0 = Debug|Any CPU
		{31041BFC-C129-45B4-897D-F2D971E0C26E}.Release|Any CPU.ActiveCfg = Release|Any CPU
		{31041BFC-C129-45B4-897D-F2D971E0C26E}.Release|Any CPU.Build.0 = Release|Any CPU
	EndGlobalSection
	GlobalSection(SolutionProperties) = preSolution
		HideSolutionNode = FALSE
	EndGlobalSection
	GlobalSection(ExtensibilityGlobals) = postSolution
		SolutionGuid = {244CB0CA-1142-442D-BC41-D5992B83FB40}
	EndGlobalSection
EndGlobal
