
Microsoft Visual Studio Solution File, Format Version 12.00
# Visual Studio 15
VisualStudioVersion = 15.0.26730.16
MinimumVisualStudioVersion = 10.0.40219.1
Project("{FAE04EC0-301F-11D3-BF4B-00C04F79EFBC}") = "AeccApp.UWP", "AeccApp\AeccApp.UWP\AeccApp.UWP.csproj", "{E0D9E3E7-0712-485F-9F4C-2DBE3E023D75}"
EndProject
Project("{9A19103F-16F7-4668-BE54-9A1E7A4F7556}") = "AeccApp.Core", "AeccApp\AeccApp.Core\AeccApp.Core.csproj", "{D0273099-9E5A-44E6-B696-C7E3D7ADA4AF}"
EndProject
Project("{2150E333-8FDC-42A3-9474-1A3956D46DE8}") = "Shared Code", "Shared Code", "{3D760E88-DA2B-4EEF-B406-6695EC51C410}"
EndProject
Project("{2150E333-8FDC-42A3-9474-1A3956D46DE8}") = "src", "src", "{665062E4-BB76-45A3-B613-8A66108F5458}"
EndProject
Project("{2150E333-8FDC-42A3-9474-1A3956D46DE8}") = "Targets", "Targets", "{DA8EC6F3-B3D7-4BEF-8770-98BD856B6EEA}"
EndProject
Project("{9A19103F-16F7-4668-BE54-9A1E7A4F7556}") = "AeccApp.Internationalization", "AeccApp\AeccApp.Internationalization\AeccApp.Internationalization.csproj", "{67F9D3A8-F71E-4428-913F-C37AE82CDB24}"
EndProject
Project("{FAE04EC0-301F-11D3-BF4B-00C04F79EFBC}") = "AeccApp.Droid", "AeccApp\AeccApp.Droid\AeccApp.Droid.csproj", "{8F31B5A0-9BDE-4AF4-B550-4CBBA8C18D79}"
EndProject
Project("{FAE04EC0-301F-11D3-BF4B-00C04F79EFBC}") = "AeccApp.iOS", "AeccApp\AeccApp.iOS\AeccApp.iOS.csproj", "{6F81B127-95F2-4A6A-84F2-BE718DA9C061}"
EndProject
Global
	GlobalSection(SolutionConfigurationPlatforms) = preSolution
		Ad-Hoc|Any CPU = Ad-Hoc|Any CPU
		Ad-Hoc|ARM = Ad-Hoc|ARM
		Ad-Hoc|iPhone = Ad-Hoc|iPhone
		Ad-Hoc|iPhoneSimulator = Ad-Hoc|iPhoneSimulator
		Ad-Hoc|x64 = Ad-Hoc|x64
		Ad-Hoc|x86 = Ad-Hoc|x86
		AppStore|Any CPU = AppStore|Any CPU
		AppStore|ARM = AppStore|ARM
		AppStore|iPhone = AppStore|iPhone
		AppStore|iPhoneSimulator = AppStore|iPhoneSimulator
		AppStore|x64 = AppStore|x64
		AppStore|x86 = AppStore|x86
		Debug|Any CPU = Debug|Any CPU
		Debug|ARM = Debug|ARM
		Debug|iPhone = Debug|iPhone
		Debug|iPhoneSimulator = Debug|iPhoneSimulator
		Debug|x64 = Debug|x64
		Debug|x86 = Debug|x86
		Release|Any CPU = Release|Any CPU
		Release|ARM = Release|ARM
		Release|iPhone = Release|iPhone
		Release|iPhoneSimulator = Release|iPhoneSimulator
		Release|x64 = Release|x64
		Release|x86 = Release|x86
	EndGlobalSection
	GlobalSection(ProjectConfigurationPlatforms) = postSolution
		{E0D9E3E7-0712-485F-9F4C-2DBE3E023D75}.Ad-Hoc|Any CPU.ActiveCfg = Release|x86
		{E0D9E3E7-0712-485F-9F4C-2DBE3E023D75}.Ad-Hoc|Any CPU.Build.0 = Release|x86
		{E0D9E3E7-0712-485F-9F4C-2DBE3E023D75}.Ad-Hoc|Any CPU.Deploy.0 = Release|x86
		{E0D9E3E7-0712-485F-9F4C-2DBE3E023D75}.Ad-Hoc|ARM.ActiveCfg = Release|ARM
		{E0D9E3E7-0712-485F-9F4C-2DBE3E023D75}.Ad-Hoc|ARM.Build.0 = Release|ARM
		{E0D9E3E7-0712-485F-9F4C-2DBE3E023D75}.Ad-Hoc|ARM.Deploy.0 = Release|ARM
		{E0D9E3E7-0712-485F-9F4C-2DBE3E023D75}.Ad-Hoc|iPhone.ActiveCfg = Release|x86
		{E0D9E3E7-0712-485F-9F4C-2DBE3E023D75}.Ad-Hoc|iPhone.Build.0 = Release|x86
		{E0D9E3E7-0712-485F-9F4C-2DBE3E023D75}.Ad-Hoc|iPhone.Deploy.0 = Release|x86
		{E0D9E3E7-0712-485F-9F4C-2DBE3E023D75}.Ad-Hoc|iPhoneSimulator.ActiveCfg = Release|x86
		{E0D9E3E7-0712-485F-9F4C-2DBE3E023D75}.Ad-Hoc|iPhoneSimulator.Build.0 = Release|x86
		{E0D9E3E7-0712-485F-9F4C-2DBE3E023D75}.Ad-Hoc|iPhoneSimulator.Deploy.0 = Release|x86
		{E0D9E3E7-0712-485F-9F4C-2DBE3E023D75}.Ad-Hoc|x64.ActiveCfg = Release|x64
		{E0D9E3E7-0712-485F-9F4C-2DBE3E023D75}.Ad-Hoc|x64.Build.0 = Release|x64
		{E0D9E3E7-0712-485F-9F4C-2DBE3E023D75}.Ad-Hoc|x64.Deploy.0 = Release|x64
		{E0D9E3E7-0712-485F-9F4C-2DBE3E023D75}.Ad-Hoc|x86.ActiveCfg = Release|x86
		{E0D9E3E7-0712-485F-9F4C-2DBE3E023D75}.Ad-Hoc|x86.Build.0 = Release|x86
		{E0D9E3E7-0712-485F-9F4C-2DBE3E023D75}.Ad-Hoc|x86.Deploy.0 = Release|x86
		{E0D9E3E7-0712-485F-9F4C-2DBE3E023D75}.AppStore|Any CPU.ActiveCfg = Release|x86
		{E0D9E3E7-0712-485F-9F4C-2DBE3E023D75}.AppStore|Any CPU.Build.0 = Release|x86
		{E0D9E3E7-0712-485F-9F4C-2DBE3E023D75}.AppStore|Any CPU.Deploy.0 = Release|x86
		{E0D9E3E7-0712-485F-9F4C-2DBE3E023D75}.AppStore|ARM.ActiveCfg = Release|ARM
		{E0D9E3E7-0712-485F-9F4C-2DBE3E023D75}.AppStore|ARM.Build.0 = Release|ARM
		{E0D9E3E7-0712-485F-9F4C-2DBE3E023D75}.AppStore|ARM.Deploy.0 = Release|ARM
		{E0D9E3E7-0712-485F-9F4C-2DBE3E023D75}.AppStore|iPhone.ActiveCfg = Release|x86
		{E0D9E3E7-0712-485F-9F4C-2DBE3E023D75}.AppStore|iPhone.Build.0 = Release|x86
		{E0D9E3E7-0712-485F-9F4C-2DBE3E023D75}.AppStore|iPhone.Deploy.0 = Release|x86
		{E0D9E3E7-0712-485F-9F4C-2DBE3E023D75}.AppStore|iPhoneSimulator.ActiveCfg = Release|x86
		{E0D9E3E7-0712-485F-9F4C-2DBE3E023D75}.AppStore|iPhoneSimulator.Build.0 = Release|x86
		{E0D9E3E7-0712-485F-9F4C-2DBE3E023D75}.AppStore|iPhoneSimulator.Deploy.0 = Release|x86
		{E0D9E3E7-0712-485F-9F4C-2DBE3E023D75}.AppStore|x64.ActiveCfg = Release|x64
		{E0D9E3E7-0712-485F-9F4C-2DBE3E023D75}.AppStore|x64.Build.0 = Release|x64
		{E0D9E3E7-0712-485F-9F4C-2DBE3E023D75}.AppStore|x64.Deploy.0 = Release|x64
		{E0D9E3E7-0712-485F-9F4C-2DBE3E023D75}.AppStore|x86.ActiveCfg = Release|x86
		{E0D9E3E7-0712-485F-9F4C-2DBE3E023D75}.AppStore|x86.Build.0 = Release|x86
		{E0D9E3E7-0712-485F-9F4C-2DBE3E023D75}.AppStore|x86.Deploy.0 = Release|x86
		{E0D9E3E7-0712-485F-9F4C-2DBE3E023D75}.Debug|Any CPU.ActiveCfg = Debug|x86
		{E0D9E3E7-0712-485F-9F4C-2DBE3E023D75}.Debug|Any CPU.Build.0 = Debug|x86
		{E0D9E3E7-0712-485F-9F4C-2DBE3E023D75}.Debug|Any CPU.Deploy.0 = Debug|x86
		{E0D9E3E7-0712-485F-9F4C-2DBE3E023D75}.Debug|ARM.ActiveCfg = Debug|ARM
		{E0D9E3E7-0712-485F-9F4C-2DBE3E023D75}.Debug|ARM.Build.0 = Debug|ARM
		{E0D9E3E7-0712-485F-9F4C-2DBE3E023D75}.Debug|ARM.Deploy.0 = Debug|ARM
		{E0D9E3E7-0712-485F-9F4C-2DBE3E023D75}.Debug|iPhone.ActiveCfg = Debug|x86
		{E0D9E3E7-0712-485F-9F4C-2DBE3E023D75}.Debug|iPhone.Build.0 = Debug|x86
		{E0D9E3E7-0712-485F-9F4C-2DBE3E023D75}.Debug|iPhone.Deploy.0 = Debug|x86
		{E0D9E3E7-0712-485F-9F4C-2DBE3E023D75}.Debug|iPhoneSimulator.ActiveCfg = Debug|x86
		{E0D9E3E7-0712-485F-9F4C-2DBE3E023D75}.Debug|x64.ActiveCfg = Debug|x64
		{E0D9E3E7-0712-485F-9F4C-2DBE3E023D75}.Debug|x64.Build.0 = Debug|x64
		{E0D9E3E7-0712-485F-9F4C-2DBE3E023D75}.Debug|x64.Deploy.0 = Debug|x64
		{E0D9E3E7-0712-485F-9F4C-2DBE3E023D75}.Debug|x86.ActiveCfg = Debug|x86
		{E0D9E3E7-0712-485F-9F4C-2DBE3E023D75}.Debug|x86.Build.0 = Debug|x86
		{E0D9E3E7-0712-485F-9F4C-2DBE3E023D75}.Debug|x86.Deploy.0 = Debug|x86
		{E0D9E3E7-0712-485F-9F4C-2DBE3E023D75}.Release|Any CPU.ActiveCfg = Release|x86
		{E0D9E3E7-0712-485F-9F4C-2DBE3E023D75}.Release|ARM.ActiveCfg = Release|ARM
		{E0D9E3E7-0712-485F-9F4C-2DBE3E023D75}.Release|ARM.Build.0 = Release|ARM
		{E0D9E3E7-0712-485F-9F4C-2DBE3E023D75}.Release|ARM.Deploy.0 = Release|ARM
		{E0D9E3E7-0712-485F-9F4C-2DBE3E023D75}.Release|iPhone.ActiveCfg = Release|x86
		{E0D9E3E7-0712-485F-9F4C-2DBE3E023D75}.Release|iPhoneSimulator.ActiveCfg = Release|x86
		{E0D9E3E7-0712-485F-9F4C-2DBE3E023D75}.Release|x64.ActiveCfg = Release|x64
		{E0D9E3E7-0712-485F-9F4C-2DBE3E023D75}.Release|x64.Build.0 = Release|x64
		{E0D9E3E7-0712-485F-9F4C-2DBE3E023D75}.Release|x64.Deploy.0 = Release|x64
		{E0D9E3E7-0712-485F-9F4C-2DBE3E023D75}.Release|x86.ActiveCfg = Release|x86
		{E0D9E3E7-0712-485F-9F4C-2DBE3E023D75}.Release|x86.Build.0 = Release|x86
		{E0D9E3E7-0712-485F-9F4C-2DBE3E023D75}.Release|x86.Deploy.0 = Release|x86
		{D0273099-9E5A-44E6-B696-C7E3D7ADA4AF}.Ad-Hoc|Any CPU.ActiveCfg = Release|Any CPU
		{D0273099-9E5A-44E6-B696-C7E3D7ADA4AF}.Ad-Hoc|Any CPU.Build.0 = Release|Any CPU
		{D0273099-9E5A-44E6-B696-C7E3D7ADA4AF}.Ad-Hoc|ARM.ActiveCfg = Release|Any CPU
		{D0273099-9E5A-44E6-B696-C7E3D7ADA4AF}.Ad-Hoc|ARM.Build.0 = Release|Any CPU
		{D0273099-9E5A-44E6-B696-C7E3D7ADA4AF}.Ad-Hoc|iPhone.ActiveCfg = Release|Any CPU
		{D0273099-9E5A-44E6-B696-C7E3D7ADA4AF}.Ad-Hoc|iPhone.Build.0 = Release|Any CPU
		{D0273099-9E5A-44E6-B696-C7E3D7ADA4AF}.Ad-Hoc|iPhoneSimulator.ActiveCfg = Release|Any CPU
		{D0273099-9E5A-44E6-B696-C7E3D7ADA4AF}.Ad-Hoc|iPhoneSimulator.Build.0 = Release|Any CPU
		{D0273099-9E5A-44E6-B696-C7E3D7ADA4AF}.Ad-Hoc|x64.ActiveCfg = Release|Any CPU
		{D0273099-9E5A-44E6-B696-C7E3D7ADA4AF}.Ad-Hoc|x64.Build.0 = Release|Any CPU
		{D0273099-9E5A-44E6-B696-C7E3D7ADA4AF}.Ad-Hoc|x86.ActiveCfg = Release|Any CPU
		{D0273099-9E5A-44E6-B696-C7E3D7ADA4AF}.Ad-Hoc|x86.Build.0 = Release|Any CPU
		{D0273099-9E5A-44E6-B696-C7E3D7ADA4AF}.AppStore|Any CPU.ActiveCfg = Release|Any CPU
		{D0273099-9E5A-44E6-B696-C7E3D7ADA4AF}.AppStore|Any CPU.Build.0 = Release|Any CPU
		{D0273099-9E5A-44E6-B696-C7E3D7ADA4AF}.AppStore|ARM.ActiveCfg = Release|Any CPU
		{D0273099-9E5A-44E6-B696-C7E3D7ADA4AF}.AppStore|ARM.Build.0 = Release|Any CPU
		{D0273099-9E5A-44E6-B696-C7E3D7ADA4AF}.AppStore|iPhone.ActiveCfg = Release|Any CPU
		{D0273099-9E5A-44E6-B696-C7E3D7ADA4AF}.AppStore|iPhone.Build.0 = Release|Any CPU
		{D0273099-9E5A-44E6-B696-C7E3D7ADA4AF}.AppStore|iPhoneSimulator.ActiveCfg = Release|Any CPU
		{D0273099-9E5A-44E6-B696-C7E3D7ADA4AF}.AppStore|iPhoneSimulator.Build.0 = Release|Any CPU
		{D0273099-9E5A-44E6-B696-C7E3D7ADA4AF}.AppStore|x64.ActiveCfg = Release|Any CPU
		{D0273099-9E5A-44E6-B696-C7E3D7ADA4AF}.AppStore|x64.Build.0 = Release|Any CPU
		{D0273099-9E5A-44E6-B696-C7E3D7ADA4AF}.AppStore|x86.ActiveCfg = Release|Any CPU
		{D0273099-9E5A-44E6-B696-C7E3D7ADA4AF}.AppStore|x86.Build.0 = Release|Any CPU
		{D0273099-9E5A-44E6-B696-C7E3D7ADA4AF}.Debug|Any CPU.ActiveCfg = Debug|Any CPU
		{D0273099-9E5A-44E6-B696-C7E3D7ADA4AF}.Debug|Any CPU.Build.0 = Debug|Any CPU
		{D0273099-9E5A-44E6-B696-C7E3D7ADA4AF}.Debug|ARM.ActiveCfg = Debug|Any CPU
		{D0273099-9E5A-44E6-B696-C7E3D7ADA4AF}.Debug|ARM.Build.0 = Debug|Any CPU
		{D0273099-9E5A-44E6-B696-C7E3D7ADA4AF}.Debug|iPhone.ActiveCfg = Debug|Any CPU
		{D0273099-9E5A-44E6-B696-C7E3D7ADA4AF}.Debug|iPhone.Build.0 = Debug|Any CPU
		{D0273099-9E5A-44E6-B696-C7E3D7ADA4AF}.Debug|iPhoneSimulator.ActiveCfg = Debug|Any CPU
		{D0273099-9E5A-44E6-B696-C7E3D7ADA4AF}.Debug|iPhoneSimulator.Build.0 = Debug|Any CPU
		{D0273099-9E5A-44E6-B696-C7E3D7ADA4AF}.Debug|x64.ActiveCfg = Debug|Any CPU
		{D0273099-9E5A-44E6-B696-C7E3D7ADA4AF}.Debug|x64.Build.0 = Debug|Any CPU
		{D0273099-9E5A-44E6-B696-C7E3D7ADA4AF}.Debug|x86.ActiveCfg = Debug|Any CPU
		{D0273099-9E5A-44E6-B696-C7E3D7ADA4AF}.Debug|x86.Build.0 = Debug|Any CPU
		{D0273099-9E5A-44E6-B696-C7E3D7ADA4AF}.Release|Any CPU.ActiveCfg = Release|Any CPU
		{D0273099-9E5A-44E6-B696-C7E3D7ADA4AF}.Release|Any CPU.Build.0 = Release|Any CPU
		{D0273099-9E5A-44E6-B696-C7E3D7ADA4AF}.Release|ARM.ActiveCfg = Release|Any CPU
		{D0273099-9E5A-44E6-B696-C7E3D7ADA4AF}.Release|ARM.Build.0 = Release|Any CPU
		{D0273099-9E5A-44E6-B696-C7E3D7ADA4AF}.Release|iPhone.ActiveCfg = Release|Any CPU
		{D0273099-9E5A-44E6-B696-C7E3D7ADA4AF}.Release|iPhone.Build.0 = Release|Any CPU
		{D0273099-9E5A-44E6-B696-C7E3D7ADA4AF}.Release|iPhoneSimulator.ActiveCfg = Release|Any CPU
		{D0273099-9E5A-44E6-B696-C7E3D7ADA4AF}.Release|iPhoneSimulator.Build.0 = Release|Any CPU
		{D0273099-9E5A-44E6-B696-C7E3D7ADA4AF}.Release|x64.ActiveCfg = Release|Any CPU
		{D0273099-9E5A-44E6-B696-C7E3D7ADA4AF}.Release|x64.Build.0 = Release|Any CPU
		{D0273099-9E5A-44E6-B696-C7E3D7ADA4AF}.Release|x86.ActiveCfg = Release|Any CPU
		{D0273099-9E5A-44E6-B696-C7E3D7ADA4AF}.Release|x86.Build.0 = Release|Any CPU
		{67F9D3A8-F71E-4428-913F-C37AE82CDB24}.Ad-Hoc|Any CPU.ActiveCfg = Release|Any CPU
		{67F9D3A8-F71E-4428-913F-C37AE82CDB24}.Ad-Hoc|Any CPU.Build.0 = Release|Any CPU
		{67F9D3A8-F71E-4428-913F-C37AE82CDB24}.Ad-Hoc|ARM.ActiveCfg = Release|Any CPU
		{67F9D3A8-F71E-4428-913F-C37AE82CDB24}.Ad-Hoc|ARM.Build.0 = Release|Any CPU
		{67F9D3A8-F71E-4428-913F-C37AE82CDB24}.Ad-Hoc|iPhone.ActiveCfg = Release|Any CPU
		{67F9D3A8-F71E-4428-913F-C37AE82CDB24}.Ad-Hoc|iPhone.Build.0 = Release|Any CPU
		{67F9D3A8-F71E-4428-913F-C37AE82CDB24}.Ad-Hoc|iPhoneSimulator.ActiveCfg = Release|Any CPU
		{67F9D3A8-F71E-4428-913F-C37AE82CDB24}.Ad-Hoc|iPhoneSimulator.Build.0 = Release|Any CPU
		{67F9D3A8-F71E-4428-913F-C37AE82CDB24}.Ad-Hoc|x64.ActiveCfg = Release|Any CPU
		{67F9D3A8-F71E-4428-913F-C37AE82CDB24}.Ad-Hoc|x64.Build.0 = Release|Any CPU
		{67F9D3A8-F71E-4428-913F-C37AE82CDB24}.Ad-Hoc|x86.ActiveCfg = Release|Any CPU
		{67F9D3A8-F71E-4428-913F-C37AE82CDB24}.Ad-Hoc|x86.Build.0 = Release|Any CPU
		{67F9D3A8-F71E-4428-913F-C37AE82CDB24}.AppStore|Any CPU.ActiveCfg = Release|Any CPU
		{67F9D3A8-F71E-4428-913F-C37AE82CDB24}.AppStore|Any CPU.Build.0 = Release|Any CPU
		{67F9D3A8-F71E-4428-913F-C37AE82CDB24}.AppStore|ARM.ActiveCfg = Release|Any CPU
		{67F9D3A8-F71E-4428-913F-C37AE82CDB24}.AppStore|ARM.Build.0 = Release|Any CPU
		{67F9D3A8-F71E-4428-913F-C37AE82CDB24}.AppStore|iPhone.ActiveCfg = Release|Any CPU
		{67F9D3A8-F71E-4428-913F-C37AE82CDB24}.AppStore|iPhone.Build.0 = Release|Any CPU
		{67F9D3A8-F71E-4428-913F-C37AE82CDB24}.AppStore|iPhoneSimulator.ActiveCfg = Release|Any CPU
		{67F9D3A8-F71E-4428-913F-C37AE82CDB24}.AppStore|iPhoneSimulator.Build.0 = Release|Any CPU
		{67F9D3A8-F71E-4428-913F-C37AE82CDB24}.AppStore|x64.ActiveCfg = Release|Any CPU
		{67F9D3A8-F71E-4428-913F-C37AE82CDB24}.AppStore|x64.Build.0 = Release|Any CPU
		{67F9D3A8-F71E-4428-913F-C37AE82CDB24}.AppStore|x86.ActiveCfg = Release|Any CPU
		{67F9D3A8-F71E-4428-913F-C37AE82CDB24}.AppStore|x86.Build.0 = Release|Any CPU
		{67F9D3A8-F71E-4428-913F-C37AE82CDB24}.Debug|Any CPU.ActiveCfg = Debug|Any CPU
		{67F9D3A8-F71E-4428-913F-C37AE82CDB24}.Debug|Any CPU.Build.0 = Debug|Any CPU
		{67F9D3A8-F71E-4428-913F-C37AE82CDB24}.Debug|ARM.ActiveCfg = Debug|Any CPU
		{67F9D3A8-F71E-4428-913F-C37AE82CDB24}.Debug|ARM.Build.0 = Debug|Any CPU
		{67F9D3A8-F71E-4428-913F-C37AE82CDB24}.Debug|iPhone.ActiveCfg = Debug|Any CPU
		{67F9D3A8-F71E-4428-913F-C37AE82CDB24}.Debug|iPhone.Build.0 = Debug|Any CPU
		{67F9D3A8-F71E-4428-913F-C37AE82CDB24}.Debug|iPhoneSimulator.ActiveCfg = Debug|Any CPU
		{67F9D3A8-F71E-4428-913F-C37AE82CDB24}.Debug|iPhoneSimulator.Build.0 = Debug|Any CPU
		{67F9D3A8-F71E-4428-913F-C37AE82CDB24}.Debug|x64.ActiveCfg = Debug|Any CPU
		{67F9D3A8-F71E-4428-913F-C37AE82CDB24}.Debug|x64.Build.0 = Debug|Any CPU
		{67F9D3A8-F71E-4428-913F-C37AE82CDB24}.Debug|x86.ActiveCfg = Debug|Any CPU
		{67F9D3A8-F71E-4428-913F-C37AE82CDB24}.Debug|x86.Build.0 = Debug|Any CPU
		{67F9D3A8-F71E-4428-913F-C37AE82CDB24}.Release|Any CPU.ActiveCfg = Release|Any CPU
		{67F9D3A8-F71E-4428-913F-C37AE82CDB24}.Release|Any CPU.Build.0 = Release|Any CPU
		{67F9D3A8-F71E-4428-913F-C37AE82CDB24}.Release|ARM.ActiveCfg = Release|Any CPU
		{67F9D3A8-F71E-4428-913F-C37AE82CDB24}.Release|ARM.Build.0 = Release|Any CPU
		{67F9D3A8-F71E-4428-913F-C37AE82CDB24}.Release|iPhone.ActiveCfg = Release|Any CPU
		{67F9D3A8-F71E-4428-913F-C37AE82CDB24}.Release|iPhone.Build.0 = Release|Any CPU
		{67F9D3A8-F71E-4428-913F-C37AE82CDB24}.Release|iPhoneSimulator.ActiveCfg = Release|Any CPU
		{67F9D3A8-F71E-4428-913F-C37AE82CDB24}.Release|iPhoneSimulator.Build.0 = Release|Any CPU
		{67F9D3A8-F71E-4428-913F-C37AE82CDB24}.Release|x64.ActiveCfg = Release|Any CPU
		{67F9D3A8-F71E-4428-913F-C37AE82CDB24}.Release|x64.Build.0 = Release|Any CPU
		{67F9D3A8-F71E-4428-913F-C37AE82CDB24}.Release|x86.ActiveCfg = Release|Any CPU
		{67F9D3A8-F71E-4428-913F-C37AE82CDB24}.Release|x86.Build.0 = Release|Any CPU
		{8F31B5A0-9BDE-4AF4-B550-4CBBA8C18D79}.Ad-Hoc|Any CPU.ActiveCfg = Release|Any CPU
		{8F31B5A0-9BDE-4AF4-B550-4CBBA8C18D79}.Ad-Hoc|Any CPU.Build.0 = Release|Any CPU
		{8F31B5A0-9BDE-4AF4-B550-4CBBA8C18D79}.Ad-Hoc|Any CPU.Deploy.0 = Release|Any CPU
		{8F31B5A0-9BDE-4AF4-B550-4CBBA8C18D79}.Ad-Hoc|ARM.ActiveCfg = Release|Any CPU
		{8F31B5A0-9BDE-4AF4-B550-4CBBA8C18D79}.Ad-Hoc|ARM.Build.0 = Release|Any CPU
		{8F31B5A0-9BDE-4AF4-B550-4CBBA8C18D79}.Ad-Hoc|ARM.Deploy.0 = Release|Any CPU
		{8F31B5A0-9BDE-4AF4-B550-4CBBA8C18D79}.Ad-Hoc|iPhone.ActiveCfg = Release|Any CPU
		{8F31B5A0-9BDE-4AF4-B550-4CBBA8C18D79}.Ad-Hoc|iPhone.Build.0 = Release|Any CPU
		{8F31B5A0-9BDE-4AF4-B550-4CBBA8C18D79}.Ad-Hoc|iPhone.Deploy.0 = Release|Any CPU
		{8F31B5A0-9BDE-4AF4-B550-4CBBA8C18D79}.Ad-Hoc|iPhoneSimulator.ActiveCfg = Release|Any CPU
		{8F31B5A0-9BDE-4AF4-B550-4CBBA8C18D79}.Ad-Hoc|iPhoneSimulator.Build.0 = Release|Any CPU
		{8F31B5A0-9BDE-4AF4-B550-4CBBA8C18D79}.Ad-Hoc|iPhoneSimulator.Deploy.0 = Release|Any CPU
		{8F31B5A0-9BDE-4AF4-B550-4CBBA8C18D79}.Ad-Hoc|x64.ActiveCfg = Release|Any CPU
		{8F31B5A0-9BDE-4AF4-B550-4CBBA8C18D79}.Ad-Hoc|x64.Build.0 = Release|Any CPU
		{8F31B5A0-9BDE-4AF4-B550-4CBBA8C18D79}.Ad-Hoc|x64.Deploy.0 = Release|Any CPU
		{8F31B5A0-9BDE-4AF4-B550-4CBBA8C18D79}.Ad-Hoc|x86.ActiveCfg = Release|Any CPU
		{8F31B5A0-9BDE-4AF4-B550-4CBBA8C18D79}.Ad-Hoc|x86.Build.0 = Release|Any CPU
		{8F31B5A0-9BDE-4AF4-B550-4CBBA8C18D79}.Ad-Hoc|x86.Deploy.0 = Release|Any CPU
		{8F31B5A0-9BDE-4AF4-B550-4CBBA8C18D79}.AppStore|Any CPU.ActiveCfg = Release|Any CPU
		{8F31B5A0-9BDE-4AF4-B550-4CBBA8C18D79}.AppStore|Any CPU.Build.0 = Release|Any CPU
		{8F31B5A0-9BDE-4AF4-B550-4CBBA8C18D79}.AppStore|Any CPU.Deploy.0 = Release|Any CPU
		{8F31B5A0-9BDE-4AF4-B550-4CBBA8C18D79}.AppStore|ARM.ActiveCfg = Release|Any CPU
		{8F31B5A0-9BDE-4AF4-B550-4CBBA8C18D79}.AppStore|ARM.Build.0 = Release|Any CPU
		{8F31B5A0-9BDE-4AF4-B550-4CBBA8C18D79}.AppStore|ARM.Deploy.0 = Release|Any CPU
		{8F31B5A0-9BDE-4AF4-B550-4CBBA8C18D79}.AppStore|iPhone.ActiveCfg = Release|Any CPU
		{8F31B5A0-9BDE-4AF4-B550-4CBBA8C18D79}.AppStore|iPhone.Build.0 = Release|Any CPU
		{8F31B5A0-9BDE-4AF4-B550-4CBBA8C18D79}.AppStore|iPhone.Deploy.0 = Release|Any CPU
		{8F31B5A0-9BDE-4AF4-B550-4CBBA8C18D79}.AppStore|iPhoneSimulator.ActiveCfg = Release|Any CPU
		{8F31B5A0-9BDE-4AF4-B550-4CBBA8C18D79}.AppStore|iPhoneSimulator.Build.0 = Release|Any CPU
		{8F31B5A0-9BDE-4AF4-B550-4CBBA8C18D79}.AppStore|iPhoneSimulator.Deploy.0 = Release|Any CPU
		{8F31B5A0-9BDE-4AF4-B550-4CBBA8C18D79}.AppStore|x64.ActiveCfg = Release|Any CPU
		{8F31B5A0-9BDE-4AF4-B550-4CBBA8C18D79}.AppStore|x64.Build.0 = Release|Any CPU
		{8F31B5A0-9BDE-4AF4-B550-4CBBA8C18D79}.AppStore|x64.Deploy.0 = Release|Any CPU
		{8F31B5A0-9BDE-4AF4-B550-4CBBA8C18D79}.AppStore|x86.ActiveCfg = Release|Any CPU
		{8F31B5A0-9BDE-4AF4-B550-4CBBA8C18D79}.AppStore|x86.Build.0 = Release|Any CPU
		{8F31B5A0-9BDE-4AF4-B550-4CBBA8C18D79}.AppStore|x86.Deploy.0 = Release|Any CPU
		{8F31B5A0-9BDE-4AF4-B550-4CBBA8C18D79}.Debug|Any CPU.ActiveCfg = Debug|Any CPU
		{8F31B5A0-9BDE-4AF4-B550-4CBBA8C18D79}.Debug|Any CPU.Build.0 = Debug|Any CPU
		{8F31B5A0-9BDE-4AF4-B550-4CBBA8C18D79}.Debug|Any CPU.Deploy.0 = Debug|Any CPU
		{8F31B5A0-9BDE-4AF4-B550-4CBBA8C18D79}.Debug|ARM.ActiveCfg = Debug|Any CPU
		{8F31B5A0-9BDE-4AF4-B550-4CBBA8C18D79}.Debug|ARM.Build.0 = Debug|Any CPU
		{8F31B5A0-9BDE-4AF4-B550-4CBBA8C18D79}.Debug|ARM.Deploy.0 = Debug|Any CPU
		{8F31B5A0-9BDE-4AF4-B550-4CBBA8C18D79}.Debug|iPhone.ActiveCfg = Debug|Any CPU
		{8F31B5A0-9BDE-4AF4-B550-4CBBA8C18D79}.Debug|iPhone.Build.0 = Debug|Any CPU
		{8F31B5A0-9BDE-4AF4-B550-4CBBA8C18D79}.Debug|iPhone.Deploy.0 = Debug|Any CPU
		{8F31B5A0-9BDE-4AF4-B550-4CBBA8C18D79}.Debug|iPhoneSimulator.ActiveCfg = Debug|Any CPU
		{8F31B5A0-9BDE-4AF4-B550-4CBBA8C18D79}.Debug|iPhoneSimulator.Build.0 = Debug|Any CPU
		{8F31B5A0-9BDE-4AF4-B550-4CBBA8C18D79}.Debug|iPhoneSimulator.Deploy.0 = Debug|Any CPU
		{8F31B5A0-9BDE-4AF4-B550-4CBBA8C18D79}.Debug|x64.ActiveCfg = Debug|Any CPU
		{8F31B5A0-9BDE-4AF4-B550-4CBBA8C18D79}.Debug|x64.Build.0 = Debug|Any CPU
		{8F31B5A0-9BDE-4AF4-B550-4CBBA8C18D79}.Debug|x64.Deploy.0 = Debug|Any CPU
		{8F31B5A0-9BDE-4AF4-B550-4CBBA8C18D79}.Debug|x86.ActiveCfg = Debug|Any CPU
		{8F31B5A0-9BDE-4AF4-B550-4CBBA8C18D79}.Debug|x86.Build.0 = Debug|Any CPU
		{8F31B5A0-9BDE-4AF4-B550-4CBBA8C18D79}.Debug|x86.Deploy.0 = Debug|Any CPU
		{8F31B5A0-9BDE-4AF4-B550-4CBBA8C18D79}.Release|Any CPU.ActiveCfg = Release|Any CPU
		{8F31B5A0-9BDE-4AF4-B550-4CBBA8C18D79}.Release|Any CPU.Build.0 = Release|Any CPU
		{8F31B5A0-9BDE-4AF4-B550-4CBBA8C18D79}.Release|Any CPU.Deploy.0 = Release|Any CPU
		{8F31B5A0-9BDE-4AF4-B550-4CBBA8C18D79}.Release|ARM.ActiveCfg = Release|Any CPU
		{8F31B5A0-9BDE-4AF4-B550-4CBBA8C18D79}.Release|ARM.Build.0 = Release|Any CPU
		{8F31B5A0-9BDE-4AF4-B550-4CBBA8C18D79}.Release|ARM.Deploy.0 = Release|Any CPU
		{8F31B5A0-9BDE-4AF4-B550-4CBBA8C18D79}.Release|iPhone.ActiveCfg = Release|Any CPU
		{8F31B5A0-9BDE-4AF4-B550-4CBBA8C18D79}.Release|iPhone.Build.0 = Release|Any CPU
		{8F31B5A0-9BDE-4AF4-B550-4CBBA8C18D79}.Release|iPhone.Deploy.0 = Release|Any CPU
		{8F31B5A0-9BDE-4AF4-B550-4CBBA8C18D79}.Release|iPhoneSimulator.ActiveCfg = Release|Any CPU
		{8F31B5A0-9BDE-4AF4-B550-4CBBA8C18D79}.Release|iPhoneSimulator.Build.0 = Release|Any CPU
		{8F31B5A0-9BDE-4AF4-B550-4CBBA8C18D79}.Release|iPhoneSimulator.Deploy.0 = Release|Any CPU
		{8F31B5A0-9BDE-4AF4-B550-4CBBA8C18D79}.Release|x64.ActiveCfg = Release|Any CPU
		{8F31B5A0-9BDE-4AF4-B550-4CBBA8C18D79}.Release|x64.Build.0 = Release|Any CPU
		{8F31B5A0-9BDE-4AF4-B550-4CBBA8C18D79}.Release|x64.Deploy.0 = Release|Any CPU
		{8F31B5A0-9BDE-4AF4-B550-4CBBA8C18D79}.Release|x86.ActiveCfg = Release|Any CPU
		{8F31B5A0-9BDE-4AF4-B550-4CBBA8C18D79}.Release|x86.Build.0 = Release|Any CPU
		{8F31B5A0-9BDE-4AF4-B550-4CBBA8C18D79}.Release|x86.Deploy.0 = Release|Any CPU
		{6F81B127-95F2-4A6A-84F2-BE718DA9C061}.Ad-Hoc|Any CPU.ActiveCfg = Release|iPhone
		{6F81B127-95F2-4A6A-84F2-BE718DA9C061}.Ad-Hoc|Any CPU.Build.0 = Release|iPhone
		{6F81B127-95F2-4A6A-84F2-BE718DA9C061}.Ad-Hoc|ARM.ActiveCfg = Release|iPhone
		{6F81B127-95F2-4A6A-84F2-BE718DA9C061}.Ad-Hoc|ARM.Build.0 = Release|iPhone
		{6F81B127-95F2-4A6A-84F2-BE718DA9C061}.Ad-Hoc|iPhone.ActiveCfg = Release|iPhone
		{6F81B127-95F2-4A6A-84F2-BE718DA9C061}.Ad-Hoc|iPhone.Build.0 = Release|iPhone
		{6F81B127-95F2-4A6A-84F2-BE718DA9C061}.Ad-Hoc|iPhoneSimulator.ActiveCfg = Release|iPhoneSimulator
		{6F81B127-95F2-4A6A-84F2-BE718DA9C061}.Ad-Hoc|iPhoneSimulator.Build.0 = Release|iPhoneSimulator
		{6F81B127-95F2-4A6A-84F2-BE718DA9C061}.Ad-Hoc|x64.ActiveCfg = Release|iPhone
		{6F81B127-95F2-4A6A-84F2-BE718DA9C061}.Ad-Hoc|x64.Build.0 = Release|iPhone
		{6F81B127-95F2-4A6A-84F2-BE718DA9C061}.Ad-Hoc|x86.ActiveCfg = Release|iPhone
		{6F81B127-95F2-4A6A-84F2-BE718DA9C061}.Ad-Hoc|x86.Build.0 = Release|iPhone
		{6F81B127-95F2-4A6A-84F2-BE718DA9C061}.AppStore|Any CPU.ActiveCfg = Release|iPhone
		{6F81B127-95F2-4A6A-84F2-BE718DA9C061}.AppStore|Any CPU.Build.0 = Release|iPhone
		{6F81B127-95F2-4A6A-84F2-BE718DA9C061}.AppStore|ARM.ActiveCfg = Release|iPhone
		{6F81B127-95F2-4A6A-84F2-BE718DA9C061}.AppStore|ARM.Build.0 = Release|iPhone
		{6F81B127-95F2-4A6A-84F2-BE718DA9C061}.AppStore|iPhone.ActiveCfg = Release|iPhone
		{6F81B127-95F2-4A6A-84F2-BE718DA9C061}.AppStore|iPhone.Build.0 = Release|iPhone
		{6F81B127-95F2-4A6A-84F2-BE718DA9C061}.AppStore|iPhoneSimulator.ActiveCfg = Release|iPhoneSimulator
		{6F81B127-95F2-4A6A-84F2-BE718DA9C061}.AppStore|iPhoneSimulator.Build.0 = Release|iPhoneSimulator
		{6F81B127-95F2-4A6A-84F2-BE718DA9C061}.AppStore|x64.ActiveCfg = Release|iPhone
		{6F81B127-95F2-4A6A-84F2-BE718DA9C061}.AppStore|x64.Build.0 = Release|iPhone
		{6F81B127-95F2-4A6A-84F2-BE718DA9C061}.AppStore|x86.ActiveCfg = Release|iPhone
		{6F81B127-95F2-4A6A-84F2-BE718DA9C061}.AppStore|x86.Build.0 = Release|iPhone
		{6F81B127-95F2-4A6A-84F2-BE718DA9C061}.Debug|Any CPU.ActiveCfg = Debug|iPhone
		{6F81B127-95F2-4A6A-84F2-BE718DA9C061}.Debug|ARM.ActiveCfg = Debug|iPhone
		{6F81B127-95F2-4A6A-84F2-BE718DA9C061}.Debug|iPhone.ActiveCfg = Debug|iPhone
		{6F81B127-95F2-4A6A-84F2-BE718DA9C061}.Debug|iPhone.Build.0 = Debug|iPhone
		{6F81B127-95F2-4A6A-84F2-BE718DA9C061}.Debug|iPhoneSimulator.ActiveCfg = Debug|iPhoneSimulator
		{6F81B127-95F2-4A6A-84F2-BE718DA9C061}.Debug|iPhoneSimulator.Build.0 = Debug|iPhoneSimulator
		{6F81B127-95F2-4A6A-84F2-BE718DA9C061}.Debug|x64.ActiveCfg = Debug|iPhone
		{6F81B127-95F2-4A6A-84F2-BE718DA9C061}.Debug|x86.ActiveCfg = Debug|iPhone
		{6F81B127-95F2-4A6A-84F2-BE718DA9C061}.Release|Any CPU.ActiveCfg = Release|iPhone
		{6F81B127-95F2-4A6A-84F2-BE718DA9C061}.Release|ARM.ActiveCfg = Release|iPhone
		{6F81B127-95F2-4A6A-84F2-BE718DA9C061}.Release|iPhone.ActiveCfg = Release|iPhone
		{6F81B127-95F2-4A6A-84F2-BE718DA9C061}.Release|iPhone.Build.0 = Release|iPhone
		{6F81B127-95F2-4A6A-84F2-BE718DA9C061}.Release|iPhoneSimulator.ActiveCfg = Release|iPhoneSimulator
		{6F81B127-95F2-4A6A-84F2-BE718DA9C061}.Release|iPhoneSimulator.Build.0 = Release|iPhoneSimulator
		{6F81B127-95F2-4A6A-84F2-BE718DA9C061}.Release|x64.ActiveCfg = Release|iPhone
		{6F81B127-95F2-4A6A-84F2-BE718DA9C061}.Release|x86.ActiveCfg = Release|iPhone
	EndGlobalSection
	GlobalSection(SolutionProperties) = preSolution
		HideSolutionNode = FALSE
	EndGlobalSection
	GlobalSection(NestedProjects) = preSolution
		{E0D9E3E7-0712-485F-9F4C-2DBE3E023D75} = {DA8EC6F3-B3D7-4BEF-8770-98BD856B6EEA}
		{D0273099-9E5A-44E6-B696-C7E3D7ADA4AF} = {3D760E88-DA2B-4EEF-B406-6695EC51C410}
		{3D760E88-DA2B-4EEF-B406-6695EC51C410} = {665062E4-BB76-45A3-B613-8A66108F5458}
		{DA8EC6F3-B3D7-4BEF-8770-98BD856B6EEA} = {665062E4-BB76-45A3-B613-8A66108F5458}
		{67F9D3A8-F71E-4428-913F-C37AE82CDB24} = {3D760E88-DA2B-4EEF-B406-6695EC51C410}
		{8F31B5A0-9BDE-4AF4-B550-4CBBA8C18D79} = {DA8EC6F3-B3D7-4BEF-8770-98BD856B6EEA}
		{6F81B127-95F2-4A6A-84F2-BE718DA9C061} = {DA8EC6F3-B3D7-4BEF-8770-98BD856B6EEA}
	EndGlobalSection
	GlobalSection(ExtensibilityGlobals) = postSolution
		SolutionGuid = {1B4C3AB4-748E-475B-BA4E-A5F9DC55A911}
	EndGlobalSection
EndGlobal
